# THIS IS AN AUTOGENERATED FILE. DO NOT EDIT THIS FILE DIRECTLY.
# yarn lockfile v1


js-button@*:
  version "1.2.1"
  resolved "https://registry.yarnpkg.com/js-button/-/js-button-1.2.1.tgz#3c3ecb3537b6741c33ff182a90dba4acece552d6"
  dependencies:
    js-utilities "*"

js-offcanvas@^1.2.4:
  version "1.2.4"
  resolved "https://registry.yarnpkg.com/js-offcanvas/-/js-offcanvas-1.2.4.tgz#f38bd45f0f30ca6bf39070009d54ab86f87a4298"
  dependencies:
    js-button "*"
    js-ripple "*"
    js-trap-tab "*"
    js-utilities "*"

js-ripple@*:
  version "1.0.0"
  resolved "https://registry.yarnpkg.com/js-ripple/-/js-ripple-1.0.0.tgz#cbaedb8512c84316f8c44afc3d90bea5a885bec1"

js-trap-tab@*:
  version "0.1.0"
  resolved "https://registry.yarnpkg.com/js-trap-tab/-/js-trap-tab-0.1.0.tgz#560cedc78c9c6dd369c22af7ffc3a7d2dcb1aeea"

js-utilities@*:
  version "1.0.1"
  resolved "https://registry.yarnpkg.com/js-utilities/-/js-utilities-1.0.1.tgz#594ab574d4ebd12577ff9be6302703ed4726c492"
